// !$*UTF8*$!
{
	archiveVersion = 1;
	classes = {
	};
	objectVersion = 46;
	objects = {

/* Begin PBXBuildFile section */
		336B126D1E5D6526001662EF /* AppDelegate.swift in Sources */ = {isa = PBXBuildFile; fileRef = 336B126C1E5D6526001662EF /* AppDelegate.swift */; };
		336B126F1E5D6526001662EF /* ViewController.swift in Sources */ = {isa = PBXBuildFile; fileRef = 336B126E1E5D6526001662EF /* ViewController.swift */; };
		336B12721E5D6526001662EF /* Main.storyboard in Resources */ = {isa = PBXBuildFile; fileRef = 336B12701E5D6526001662EF /* Main.storyboard */; };
		336B12741E5D6526001662EF /* Assets.xcassets in Resources */ = {isa = PBXBuildFile; fileRef = 336B12731E5D6526001662EF /* Assets.xcassets */; };
		336B12771E5D6526001662EF /* LaunchScreen.storyboard in Resources */ = {isa = PBXBuildFile; fileRef = 336B12751E5D6526001662EF /* LaunchScreen.storyboard */; };
/* End PBXBuildFile section */

/* Begin PBXFileReference section */
		336B12691E5D6526001662EF /* Colloquy.app */ = {isa = PBXFileReference; explicitFileType = wrapper.application; includeInIndex = 0; path = Colloquy.app; sourceTree = BUILT_PRODUCTS_DIR; };
		336B126C1E5D6526001662EF /* AppDelegate.swift */ = {isa = PBXFileReference; lastKnownFileType = sourcecode.swift; path = AppDelegate.swift; sourceTree = "<group>"; };
		336B126E1E5D6526001662EF /* ViewController.swift */ = {isa = PBXFileReference; lastKnownFileType = sourcecode.swift; path = ViewController.swift; sourceTree = "<group>"; };
		336B12711E5D6526001662EF /* Base */ = {isa = PBXFileReference; lastKnownFileType = file.storyboard; name = Base; path = Base.lproj/Main.storyboard; sourceTree = "<group>"; };
		336B12731E5D6526001662EF /* Assets.xcassets */ = {isa = PBXFileReference; lastKnownFileType = folder.assetcatalog; path = Assets.xcassets; sourceTree = "<group>"; };
		336B12761E5D6526001662EF /* Base */ = {isa = PBXFileReference; lastKnownFileType = file.storyboard; name = Base; path = Base.lproj/LaunchScreen.storyboard; sourceTree = "<group>"; };
		336B12781E5D6526001662EF /* Info.plist */ = {isa = PBXFileReference; lastKnownFileType = text.plist.xml; path = Info.plist; sourceTree = "<group>"; };
/* End PBXFileReference section */

/* Begin PBXFrameworksBuildPhase section */
		336B12661E5D6526001662EF /* Frameworks */ = {
			isa = PBXFrameworksBuildPhase;
			buildActionMask = 2147483647;
			files = (
			);
			runOnlyForDeploymentPostprocessing = 0;
		};
/* End PBXFrameworksBuildPhase section */

/* Begin PBXGroup section */
		336B12601E5D6526001662EF = {
			isa = PBXGroup;
			children = (
				336B126B1E5D6526001662EF /* Colloquy */,
				336B126A1E5D6526001662EF /* Products */,
			);
			sourceTree = "<group>";
		};
		336B126A1E5D6526001662EF /* Products */ = {
			isa = PBXGroup;
			children = (
				336B12691E5D6526001662EF /* Colloquy.app */,
			);
			name = Products;
			sourceTree = "<group>";
		};
		336B126B1E5D6526001662EF /* Colloquy */ = {
			isa = PBXGroup;
			children = (
				336B126C1E5D6526001662EF /* AppDelegate.swift */,
				336B126E1E5D6526001662EF /* ViewController.swift */,
				336B12701E5D6526001662EF /* Main.storyboard */,
				336B12731E5D6526001662EF /* Assets.xcassets */,
				336B12751E5D6526001662EF /* LaunchScreen.storyboard */,
				336B12781E5D6526001662EF /* Info.plist */,
			);
			path = Colloquy;
			sourceTree = "<group>";
		};
/* End PBXGroup section */

/* Begin PBXNativeTarget section */
		336B12681E5D6526001662EF /* Colloquy */ = {
			isa = PBXNativeTarget;
			buildConfigurationList = 336B127B1E5D6526001662EF /* Build configuration list for PBXNativeTarget "Colloquy" */;
			buildPhases = (
				336B12651E5D6526001662EF /* Sources */,
				336B12661E5D6526001662EF /* Frameworks */,
				336B12671E5D6526001662EF /* Resources */,
			);
			buildRules = (
			);
			dependencies = (
			);
			name = Colloquy;
			productName = Colloquy;
			productReference = 336B12691E5D6526001662EF /* Colloquy.app */;
			productType = "com.apple.product-type.application";
		};
/* End PBXNativeTarget section */

/* Begin PBXProject section */
		336B12611E5D6526001662EF /* Project object */ = {
			isa = PBXProject;
			attributes = {
				LastSwiftUpdateCheck = 0820;
				LastUpgradeCheck = 0820;
				ORGANIZATIONNAME = "Jose Guerrero";
				TargetAttributes = {
					336B12681E5D6526001662EF = {
						CreatedOnToolsVersion = 8.2.1;
						ProvisioningStyle = Automatic;
					};
				};
			};
			buildConfigurationList = 336B12641E5D6526001662EF /* Build configuration list for PBXProject "Colloquy" */;
			compatibilityVersion = "Xcode 3.2";
			developmentRegion = English;
			hasScannedForEncodings = 0;
			knownRegions = (
				en,
				Base,
			);
			mainGroup = 336B12601E5D6526001662EF;
			productRefGroup = 336B126A1E5D6526001662EF /* Products */;
			projectDirPath = "";
			projectRoot = "";
			targets = (
				336B12681E5D6526001662EF /* Colloquy */,
			);
		};
/* End PBXProject section */

/* Begin PBXResourcesBuildPhase section */
		336B12671E5D6526001662EF /* Resources */ = {
			isa = PBXResourcesBuildPhase;
			buildActionMask = 2147483647;
			files = (
				336B12771E5D6526001662EF /* LaunchScreen.storyboard in Resources */,
				336B12741E5D6526001662EF /* Assets.xcassets in Resources */,
				336B12721E5D6526001662EF /* Main.storyboard in Resources */,
			);
			runOnlyForDeploymentPostprocessing = 0;
		};
/* End PBXResourcesBuildPhase section */

/* Begin PBXSourcesBuildPhase section */
		336B12651E5D6526001662EF /* Sources */ = {
			isa = PBXSourcesBuildPhase;
			buildActionMask = 2147483647;
			files = (
				336B126F1E5D6526001662EF /* ViewController.swift in Sources */,
				336B126D1E5D6526001662EF /* AppDelegate.swift in Sources */,
			);
			runOnlyForDeploymentPostprocessing = 0;
		};
/* End PBXSourcesBuildPhase section */

/* Begin PBXVariantGroup section */
		336B12701E5D6526001662EF /* Main.storyboard */ = {
			isa = PBXVariantGroup;
			children = (
				336B12711E5D6526001662EF /* Base */,
			);
			name = Main.storyboard;
			sourceTree = "<group>";
		};
		336B12751E5D6526001662EF /* LaunchScreen.storyboard */ = {
			isa = PBXVariantGroup;
			children = (
				336B12761E5D6526001662EF /* Base */,
			);
			name = LaunchScreen.storyboard;
			sourceTree = "<group>";
		};
/* End PBXVariantGroup section */

/* Begin XCBuildConfiguration section */
		336B12791E5D6526001662EF /* Debug */ = {
			isa = XCBuildConfiguration;
			buildSettings = {
				ALWAYS_SEARCH_USER_PATHS = NO;
				CLANG_ANALYZER_NONNULL = YES;
				CLANG_CXX_LANGUAGE_STANDARD = "gnu++0x";
				CLANG_CXX_LIBRARY = "libc++";
				CLANG_ENABLE_MODULES = YES;
				CLANG_ENABLE_OBJC_ARC = YES;
				CLANG_WARN_BOOL_CONVERSION = YES;
				CLANG_WARN_CONSTANT_CONVERSION = YES;
				CLANG_WARN_DIRECT_OBJC_ISA_USAGE = YES_ERROR;
				CLANG_WARN_DOCUMENTATION_COMMENTS = YES;
				CLANG_WARN_EMPTY_BODY = YES;
				CLANG_WARN_ENUM_CONVERSION = YES;
				CLANG_WARN_INFINITE_RECURSION = YES;
				CLANG_WARN_INT_CONVERSION = YES;
				CLANG_WARN_OBJC_ROOT_CLASS = YES_ERROR;
				CLANG_WARN_SUSPICIOUS_MOVE = YES;
				CLANG_WARN_UNREACHABLE_CODE = YES;
				CLANG_WARN__DUPLICATE_METHOD_MATCH = YES;
				"CODE_SIGN_IDENTITY[sdk=iphoneos*]" = "iPhone Developer";
				COPY_PHASE_STRIP = NO;
				DEBUG_INFORMATION_FORMAT = dwarf;
				ENABLE_STRICT_OBJC_MSGSEND = YES;
				ENABLE_TESTABILITY = YES;
				GCC_C_LANGUAGE_STANDARD = gnu99;
				GCC_DYNAMIC_NO_PIC = NO;
				GCC_NO_COMMON_BLOCKS = YES;
				GCC_OPTIMIZATION_LEVEL = 0;
				GCC_PREPROCESSOR_DEFINITIONS = (
					"DEBUG=1",
					"$(inherited)",
				);
				GCC_WARN_64_TO_32_BIT_CONVERSION = YES;
				GCC_WARN_ABOUT_RETURN_TYPE = YES_ERROR;
				GCC_WARN_UNDECLARED_SELECTOR = YES;
				GCC_WARN_UNINITIALIZED_AUTOS = YES_AGGRESSIVE;
				GCC_WARN_UNUSED_FUNCTION = YES;
				GCC_WARN_UNUSED_VARIABLE = YES;
				IPHONEOS_DEPLOYMENT_TARGET = 10.2;
				MTL_ENABLE_DEBUG_INFO = YES;
				ONLY_ACTIVE_ARCH = YES;
				SDKROOT = iphoneos;
				SWIFT_ACTIVE_COMPILATION_CONDITIONS = DEBUG;
				SWIFT_OPTIMIZATION_LEVEL = "-Onone";
			};
			name = Debug;
		};
		336B127A1E5D6526001662EF /* Release */ = {
			isa = XCBuildConfiguration;
			buildSettings = {
				ALWAYS_SEARCH_USER_PATHS = NO;
				CLANG_ANALYZER_NONNULL = YES;
				CLANG_CXX_LANGUAGE_STANDARD = "gnu++0x";
				CLANG_CXX_LIBRARY = "libc++";
				CLANG_ENABLE_MODULES = YES;
				CLANG_ENABLE_OBJC_ARC = YES;
				CLANG_WARN_BOOL_CONVERSION = YES;
				CLANG_WARN_CONSTANT_CONVERSION = YES;
				CLANG_WARN_DIRECT_OBJC_ISA_USAGE = YES_ERROR;
				CLANG_WARN_DOCUMENTATION_COMMENTS = YES;
				CLANG_WARN_EMPTY_BODY = YES;
				CLANG_WARN_ENUM_CONVERSION = YES;
				CLANG_WARN_INFINITE_RECURSION = YES;
				CLANG_WARN_INT_CONVERSION = YES;
				CLANG_WARN_OBJC_ROOT_CLASS = YES_ERROR;
				CLANG_WARN_SUSPICIOUS_MOVE = YES;
				CLANG_WARN_UNREACHABLE_CODE = YES;
				CLANG_WARN__DUPLICATE_METHOD_MATCH = YES;
				"CODE_SIGN_IDENTITY[sdk=iphoneos*]" = "iPhone Developer";
				COPY_PHASE_STRIP = NO;
				DEBUG_INFORMATION_FORMAT = "dwarf-with-dsym";
				ENABLE_NS_ASSERTIONS = NO;
				ENABLE_STRICT_OBJC_MSGSEND = YES;
				GCC_C_LANGUAGE_STANDARD = gnu99;
				GCC_NO_COMMON_BLOCKS = YES;
				GCC_WARN_64_TO_32_BIT_CONVERSION = YES;
				GCC_WARN_ABOUT_RETURN_TYPE = YES_ERROR;
				GCC_WARN_UNDECLARED_SELECTOR = YES;
				GCC_WARN_UNINITIALIZED_AUTOS = YES_AGGRESSIVE;
				GCC_WARN_UNUSED_FUNCTION = YES;
				GCC_WARN_UNUSED_VARIABLE = YES;
				IPHONEOS_DEPLOYMENT_TARGET = 10.2;
				MTL_ENABLE_DEBUG_INFO = NO;
				SDKROOT = iphoneos;
				SWIFT_OPTIMIZATION_LEVEL = "-Owholemodule";
				VALIDATE_PRODUCT = YES;
			};
			name = Release;
		};
		336B127C1E5D6526001662EF /* Debug */ = {
			isa = XCBuildConfiguration;
			buildSettings = {
				ASSETCATALOG_COMPILER_APPICON_NAME = AppIcon;
				INFOPLIST_FILE = Colloquy/Info.plist;
				LD_RUNPATH_SEARCH_PATHS = "$(inherited) @executable_path/Frameworks";
				PRODUCT_BUNDLE_IDENTIFIER = com.example.Colloquy;
				PRODUCT_NAME = "$(TARGET_NAME)";
				SWIFT_VERSION = 3.0;
			};
			name = Debug;
		};
		336B127D1E5D6526001662EF /* Release */ = {
			isa = XCBuildConfiguration;
			buildSettings = {
				ASSETCATALOG_COMPILER_APPICON_NAME = AppIcon;
				INFOPLIST_FILE = Colloquy/Info.plist;
				LD_RUNPATH_SEARCH_PATHS = "$(inherited) @executable_path/Frameworks";
				PRODUCT_BUNDLE_IDENTIFIER = com.example.Colloquy;
				PRODUCT_NAME = "$(TARGET_NAME)";
				SWIFT_VERSION = 3.0;
			};
			name = Release;
		};
/* End XCBuildConfiguration section */

/* Begin XCConfigurationList section */
		336B12641E5D6526001662EF /* Build configuration list for PBXProject "Colloquy" */ = {
			isa = XCConfigurationList;
			buildConfigurations = (
				336B12791E5D6526001662EF /* Debug */,
				336B127A1E5D6526001662EF /* Release */,
			);
			defaultConfigurationIsVisible = 0;
			defaultConfigurationName = Release;
		};
		336B127B1E5D6526001662EF /* Build configuration list for PBXNativeTarget "Colloquy" */ = {
			isa = XCConfigurationList;
			buildConfigurations = (
				336B127C1E5D6526001662EF /* Debug */,
				336B127D1E5D6526001662EF /* Release */,
			);
			defaultConfigurationIsVisible = 0;
		};
/* End XCConfigurationList section */
	};
	rootObject = 336B12611E5D6526001662EF /* Project object */;
}
